{
  "name": "jev-social",
  "version": "0.1.1",
  "lockfileVersion": 3,
  "requires": true,
  "packages": {
    "": {
      "name": "jev-social",
      "version": "0.1.1",
      "license": "MIT",
      "bin": {
        "jev-social": "bin/jev-social.js"
      },
      "engines": {
        "node": ">=20"
      }
    }
  }
}
